
Microsoft Visual Studio Solution File, Format Version 12.00
# Visual Studio Version 16
VisualStudioVersion = 16.0.30717.126
MinimumVisualStudioVersion = 10.0.40219.1
Project("{FAE04EC0-301F-11D3-BF4B-00C04F79EFBC}") = "DersBilgileriV1", "DersBilgileriV1\DersBilgileriV1.csproj", "{7459C416-2731-466E-B20B-3EEDCF23E640}"
EndProject
Global
	GlobalSection(SolutionConfigurationPlatforms) = preSolution
		Debug|Any CPU = Debug|Any CPU
		Release|Any CPU = Release|Any CPU
	EndGlobalSection
	GlobalSection(ProjectConfigurationPlatforms) = postSolution
		{7459C416-2731-466E-B20B-3EEDCF23E640}.Debug|Any CPU.ActiveCfg = Debug|Any CPU
		{7459C416-2731-466E-B20B-3EEDCF23E640}.Debug|Any CPU.Build.0 = Debug|Any CPU
		{7459C416-2731-466E-B20B-3EEDCF23E640}.Release|Any CPU.ActiveCfg = Release|Any CPU
		{7459C416-2731-466E-B20B-3EEDCF23E640}.Release|Any CPU.Build.0 = Release|Any CPU
	EndGlobalSection
	GlobalSection(SolutionProperties) = preSolution
		HideSolutionNode = FALSE
	EndGlobalSection
	GlobalSection(ExtensibilityGlobals) = postSolution
		SolutionGuid = {699C5CF3-D145-46D2-99B3-33C22F602309}
	EndGlobalSection
EndGlobal
